
Microsoft Visual Studio Solution File, Format Version 12.00
# Visual Studio Version 16
VisualStudioVersion = 16.0.34031.81
MinimumVisualStudioVersion = 10.0.40219.1
Project("{888888A0-9F3D-457C-B088-3A5042F75D52}") = "nn2", "nn2\nn2.pyproj", "{01E97264-5F6A-428B-91A9-39632E16E709}"
EndProject
Global
	GlobalSection(SolutionConfigurationPlatforms) = preSolution
		Debug|Any CPU = Debug|Any CPU
		Release|Any CPU = Release|Any CPU
	EndGlobalSection
	GlobalSection(ProjectConfigurationPlatforms) = postSolution
		{01E97264-5F6A-428B-91A9-39632E16E709}.Debug|Any CPU.ActiveCfg = Debug|Any CPU
		{01E97264-5F6A-428B-91A9-39632E16E709}.Release|Any CPU.ActiveCfg = Release|Any CPU
	EndGlobalSection
	GlobalSection(SolutionProperties) = preSolution
		HideSolutionNode = FALSE
	EndGlobalSection
	GlobalSection(ExtensibilityGlobals) = postSolution
		SolutionGuid = {AC0547D8-DACA-431D-BAFF-D702DF717B31}
	EndGlobalSection
EndGlobal
